
Microsoft Visual Studio Solution File, Format Version 12.00
# Visual Studio 15
VisualStudioVersion = 15.0.27130.2020
MinimumVisualStudioVersion = 10.0.40219.1
Project("{FAE04EC0-301F-11D3-BF4B-00C04F79EFBC}") = "GameServer", "GameServer\GameServer.csproj", "{83C6EE79-1C9F-414C-A758-B19281B22787}"
EndProject
Project("{FAE04EC0-301F-11D3-BF4B-00C04F79EFBC}") = "PhotonServer", "PhotonServer\PhotonServer.csproj", "{EFD7142A-42ED-49F0-8511-6A55CE3C3EEE}"
EndProject
Project("{FAE04EC0-301F-11D3-BF4B-00C04F79EFBC}") = "WebSocket", "WebSocket\WebSocket.csproj", "{8F39689C-0EB6-4ED3-A7D2-0D5B48C9DB90}"
EndProject
Global
	GlobalSection(SolutionConfigurationPlatforms) = preSolution
		Debug|Any CPU = Debug|Any CPU
		Release|Any CPU = Release|Any CPU
	EndGlobalSection
	GlobalSection(ProjectConfigurationPlatforms) = postSolution
		{83C6EE79-1C9F-414C-A758-B19281B22787}.Debug|Any CPU.ActiveCfg = Debug|Any CPU
		{83C6EE79-1C9F-414C-A758-B19281B22787}.Debug|Any CPU.Build.0 = Debug|Any CPU
		{83C6EE79-1C9F-414C-A758-B19281B22787}.Release|Any CPU.ActiveCfg = Release|Any CPU
		{83C6EE79-1C9F-414C-A758-B19281B22787}.Release|Any CPU.Build.0 = Release|Any CPU
		{EFD7142A-42ED-49F0-8511-6A55CE3C3EEE}.Debug|Any CPU.ActiveCfg = Debug|Any CPU
		{EFD7142A-42ED-49F0-8511-6A55CE3C3EEE}.Debug|Any CPU.Build.0 = Debug|Any CPU
		{EFD7142A-42ED-49F0-8511-6A55CE3C3EEE}.Release|Any CPU.ActiveCfg = Release|Any CPU
		{EFD7142A-42ED-49F0-8511-6A55CE3C3EEE}.Release|Any CPU.Build.0 = Release|Any CPU
		{8F39689C-0EB6-4ED3-A7D2-0D5B48C9DB90}.Debug|Any CPU.ActiveCfg = Debug|Any CPU
		{8F39689C-0EB6-4ED3-A7D2-0D5B48C9DB90}.Debug|Any CPU.Build.0 = Debug|Any CPU
		{8F39689C-0EB6-4ED3-A7D2-0D5B48C9DB90}.Release|Any CPU.ActiveCfg = Release|Any CPU
		{8F39689C-0EB6-4ED3-A7D2-0D5B48C9DB90}.Release|Any CPU.Build.0 = Release|Any CPU
	EndGlobalSection
	GlobalSection(SolutionProperties) = preSolution
		HideSolutionNode = FALSE
	EndGlobalSection
	GlobalSection(ExtensibilityGlobals) = postSolution
		SolutionGuid = {2B1FCA39-CA0C-40F0-B16E-E8794B5B0B9F}
	EndGlobalSection
EndGlobal
